
Microsoft Visual Studio Solution File, Format Version 12.00
# Visual Studio Version 17
VisualStudioVersion = 17.9.34728.123
MinimumVisualStudioVersion = 10.0.40219.1
Project("{9A19103F-16F7-4668-BE54-9A1E7A4F7556}") = "XPIncInvest.API", "XPIncInvest.API\XPIncInvest.API.csproj", "{5C716AB2-95EC-4FF3-AE9F-4F0631BF50AA}"
EndProject
Project("{9A19103F-16F7-4668-BE54-9A1E7A4F7556}") = "XPIncInvest.Domain", "XPIncInvest.Domain\XPIncInvest.Domain.csproj", "{3AFB1177-03B4-4271-87CE-E84D4132C2DA}"
EndProject
Project("{9A19103F-16F7-4668-BE54-9A1E7A4F7556}") = "XPIncInvest.Application", "XPIncInvest.Application\XPIncInvest.Application.csproj", "{17F1B552-6B81-48D9-B55D-44E4C5E60BC5}"
EndProject
Project("{9A19103F-16F7-4668-BE54-9A1E7A4F7556}") = "XPIncInvest.Infrastructure", "XPIncInvest.Infrastructure\XPIncInvest.Infrastructure.csproj", "{3D47824F-11EC-4CC6-B7F7-8BCA3056F7EC}"
EndProject
Project("{FAE04EC0-301F-11D3-BF4B-00C04F79EFBC}") = "XPIncInvest.BuildingBlocks", "XPIncInvest.BuildingBlocks\XPIncInvest.BuildingBlocks.csproj", "{5009A159-A6DB-454D-895F-117B98DB0B47}"
EndProject
Global
	GlobalSection(SolutionConfigurationPlatforms) = preSolution
		Debug|Any CPU = Debug|Any CPU
		Release|Any CPU = Release|Any CPU
	EndGlobalSection
	GlobalSection(ProjectConfigurationPlatforms) = postSolution
		{5C716AB2-95EC-4FF3-AE9F-4F0631BF50AA}.Debug|Any CPU.ActiveCfg = Debug|Any CPU
		{5C716AB2-95EC-4FF3-AE9F-4F0631BF50AA}.Debug|Any CPU.Build.0 = Debug|Any CPU
		{5C716AB2-95EC-4FF3-AE9F-4F0631BF50AA}.Release|Any CPU.ActiveCfg = Release|Any CPU
		{5C716AB2-95EC-4FF3-AE9F-4F0631BF50AA}.Release|Any CPU.Build.0 = Release|Any CPU
		{3AFB1177-03B4-4271-87CE-E84D4132C2DA}.Debug|Any CPU.ActiveCfg = Debug|Any CPU
		{3AFB1177-03B4-4271-87CE-E84D4132C2DA}.Debug|Any CPU.Build.0 = Debug|Any CPU
		{3AFB1177-03B4-4271-87CE-E84D4132C2DA}.Release|Any CPU.ActiveCfg = Release|Any CPU
		{3AFB1177-03B4-4271-87CE-E84D4132C2DA}.Release|Any CPU.Build.0 = Release|Any CPU
		{17F1B552-6B81-48D9-B55D-44E4C5E60BC5}.Debug|Any CPU.ActiveCfg = Debug|Any CPU
		{17F1B552-6B81-48D9-B55D-44E4C5E60BC5}.Debug|Any CPU.Build.0 = Debug|Any CPU
		{17F1B552-6B81-48D9-B55D-44E4C5E60BC5}.Release|Any CPU.ActiveCfg = Release|Any CPU
		{17F1B552-6B81-48D9-B55D-44E4C5E60BC5}.Release|Any CPU.Build.0 = Release|Any CPU
		{3D47824F-11EC-4CC6-B7F7-8BCA3056F7EC}.Debug|Any CPU.ActiveCfg = Debug|Any CPU
		{3D47824F-11EC-4CC6-B7F7-8BCA3056F7EC}.Debug|Any CPU.Build.0 = Debug|Any CPU
		{3D47824F-11EC-4CC6-B7F7-8BCA3056F7EC}.Release|Any CPU.ActiveCfg = Release|Any CPU
		{3D47824F-11EC-4CC6-B7F7-8BCA3056F7EC}.Release|Any CPU.Build.0 = Release|Any CPU
		{5009A159-A6DB-454D-895F-117B98DB0B47}.Debug|Any CPU.ActiveCfg = Debug|Any CPU
		{5009A159-A6DB-454D-895F-117B98DB0B47}.Debug|Any CPU.Build.0 = Debug|Any CPU
		{5009A159-A6DB-454D-895F-117B98DB0B47}.Release|Any CPU.ActiveCfg = Release|Any CPU
		{5009A159-A6DB-454D-895F-117B98DB0B47}.Release|Any CPU.Build.0 = Release|Any CPU
	EndGlobalSection
	GlobalSection(SolutionProperties) = preSolution
		HideSolutionNode = FALSE
	EndGlobalSection
	GlobalSection(ExtensibilityGlobals) = postSolution
		SolutionGuid = {58F15F9B-4E71-497D-A1A4-529A7B5F81B3}
	EndGlobalSection
EndGlobal
